
Microsoft Visual Studio Solution File, Format Version 12.00
# Visual Studio Version 17
VisualStudioVersion = 17.6.33706.43
MinimumVisualStudioVersion = 10.0.40219.1
Project("{FAE04EC0-301F-11D3-BF4B-00C04F79EFBC}") = "DesignPatterns", "DesignPatterns\DesignPatterns.csproj", "{F5FAEEAD-729E-47B0-9964-590C3806D83B}"
EndProject
Project("{2150E333-8FDC-42A3-9474-1A3956D46DE8}") = "Creational Patterns", "Creational Patterns", "{F55AFD6F-A3F6-4E38-9F07-A3389799A696}"
EndProject
Project("{2150E333-8FDC-42A3-9474-1A3956D46DE8}") = "Structural Patterns", "Structural Patterns", "{A5D96040-8FA2-4B92-AC7D-081264ED7BC2}"
EndProject
Project("{2150E333-8FDC-42A3-9474-1A3956D46DE8}") = "Behavioral Patterns", "Behavioral Patterns", "{9B227F1E-2F19-41DB-8594-3CFBE7D0C25F}"
EndProject
Project("{2150E333-8FDC-42A3-9474-1A3956D46DE8}") = "Principles", "Principles", "{35F22257-ECCC-4B72-8BBE-CF4597581DB4}"
EndProject
Project("{2150E333-8FDC-42A3-9474-1A3956D46DE8}") = "SOLID", "SOLID", "{A9AEE968-CFFD-4493-9F90-31182B542EB4}"
EndProject
Global
	GlobalSection(SolutionConfigurationPlatforms) = preSolution
		Debug|Any CPU = Debug|Any CPU
		Release|Any CPU = Release|Any CPU
	EndGlobalSection
	GlobalSection(ProjectConfigurationPlatforms) = postSolution
		{F5FAEEAD-729E-47B0-9964-590C3806D83B}.Debug|Any CPU.ActiveCfg = Debug|Any CPU
		{F5FAEEAD-729E-47B0-9964-590C3806D83B}.Debug|Any CPU.Build.0 = Debug|Any CPU
		{F5FAEEAD-729E-47B0-9964-590C3806D83B}.Release|Any CPU.ActiveCfg = Release|Any CPU
		{F5FAEEAD-729E-47B0-9964-590C3806D83B}.Release|Any CPU.Build.0 = Release|Any CPU
	EndGlobalSection
	GlobalSection(SolutionProperties) = preSolution
		HideSolutionNode = FALSE
	EndGlobalSection
	GlobalSection(NestedProjects) = preSolution
		{F5FAEEAD-729E-47B0-9964-590C3806D83B} = {F55AFD6F-A3F6-4E38-9F07-A3389799A696}
		{A9AEE968-CFFD-4493-9F90-31182B542EB4} = {35F22257-ECCC-4B72-8BBE-CF4597581DB4}
	EndGlobalSection
	GlobalSection(ExtensibilityGlobals) = postSolution
		SolutionGuid = {8D93E82F-DE9C-4A7C-AC5B-66F714487D74}
	EndGlobalSection
EndGlobal
